// !$*UTF8*$!
{
	archiveVersion = 1;
	classes = {
	};
	objectVersion = 77;
	objects = {

/* Begin PBXBuildFile section */
		F52CA3872CFC0AE5002D06E8 /* Preview Assets.xcassets in Resources */ = {isa = PBXBuildFile; fileRef = F52CA37F2CFC0AE5002D06E8 /* Preview Assets.xcassets */; };
		F52CA3882CFC0AE5002D06E8 /* Assets.xcassets in Resources */ = {isa = PBXBuildFile; fileRef = F52CA3812CFC0AE5002D06E8 /* Assets.xcassets */; };
		F52CA38B2CFC0AE5002D06E8 /* SaglamMovieApp.swift in Sources */ = {isa = PBXBuildFile; fileRef = F52CA3842CFC0AE5002D06E8 /* SaglamMovieApp.swift */; };
		F52CA38F2CFC0C03002D06E8 /* ContentView.swift in Sources */ = {isa = PBXBuildFile; fileRef = F52CA38D2CFC0C03002D06E8 /* ContentView.swift */; };
		F52CA3902CFC0C03002D06E8 /* MovieRecommenderApp.swift in Sources */ = {isa = PBXBuildFile; fileRef = F52CA38E2CFC0C03002D06E8 /* MovieRecommenderApp.swift */; };
		F52CA3972CFC0D4C002D06E8 /* Movie.swift in Sources */ = {isa = PBXBuildFile; fileRef = F52CA3942CFC0D4C002D06E8 /* Movie.swift */; };
		F52CA3982CFC0D4C002D06E8 /* UserData.swift in Sources */ = {isa = PBXBuildFile; fileRef = F52CA3952CFC0D4C002D06E8 /* UserData.swift */; };
		F52CA3992CFC0D4C002D06E8 /* WatchProvider.swift in Sources */ = {isa = PBXBuildFile; fileRef = F52CA3962CFC0D4C002D06E8 /* WatchProvider.swift */; };
		F52CA39A2CFC0D4C002D06E8 /* Genre.swift in Sources */ = {isa = PBXBuildFile; fileRef = F52CA3932CFC0D4C002D06E8 /* Genre.swift */; };
		F52CA3A52CFC0D70002D06E8 /* WatchHistoryView.swift in Sources */ = {isa = PBXBuildFile; fileRef = F52CA3A32CFC0D70002D06E8 /* WatchHistoryView.swift */; };
		F52CA3A62CFC0D70002D06E8 /* WatchlistView.swift in Sources */ = {isa = PBXBuildFile; fileRef = F52CA3A42CFC0D70002D06E8 /* WatchlistView.swift */; };
		F52CA3A72CFC0D70002D06E8 /* RatingView.swift in Sources */ = {isa = PBXBuildFile; fileRef = F52CA3A12CFC0D70002D06E8 /* RatingView.swift */; };
		F52CA3A82CFC0D70002D06E8 /* BookmarksView.swift in Sources */ = {isa = PBXBuildFile; fileRef = F52CA39C2CFC0D70002D06E8 /* BookmarksView.swift */; };
		F52CA3A92CFC0D70002D06E8 /* ReviewSheet.swift in Sources */ = {isa = PBXBuildFile; fileRef = F52CA3A22CFC0D70002D06E8 /* ReviewSheet.swift */; };
		F52CA3AA2CFC0D70002D06E8 /* CustomListDetailView.swift in Sources */ = {isa = PBXBuildFile; fileRef = F52CA39D2CFC0D70002D06E8 /* CustomListDetailView.swift */; };
		F52CA3AB2CFC0D70002D06E8 /* MovieDetailView.swift in Sources */ = {isa = PBXBuildFile; fileRef = F52CA39F2CFC0D70002D06E8 /* MovieDetailView.swift */; };
		F52CA3AC2CFC0D70002D06E8 /* MovieListView.swift in Sources */ = {isa = PBXBuildFile; fileRef = F52CA3A02CFC0D70002D06E8 /* MovieListView.swift */; };
		F52CA3AD2CFC0D70002D06E8 /* CustomListsView.swift in Sources */ = {isa = PBXBuildFile; fileRef = F52CA39E2CFC0D70002D06E8 /* CustomListsView.swift */; };
		F52CA3B12CFC0D9D002D06E8 /* GenreCardView.swift in Sources */ = {isa = PBXBuildFile; fileRef = F52CA3AF2CFC0D9D002D06E8 /* GenreCardView.swift */; };
		F52CA3B22CFC0D9D002D06E8 /* MovieRow.swift in Sources */ = {isa = PBXBuildFile; fileRef = F52CA3B02CFC0D9D002D06E8 /* MovieRow.swift */; };
		F52CA3B52CFC0DB8002D06E8 /* NetworkManager.swift in Sources */ = {isa = PBXBuildFile; fileRef = F52CA3B42CFC0DB8002D06E8 /* NetworkManager.swift */; };
		F52CA3B82CFC0DD1002D06E8 /* DateFormatter+Extension.swift in Sources */ = {isa = PBXBuildFile; fileRef = F52CA3B72CFC0DD1002D06E8 /* DateFormatter+Extension.swift */; };
		F52CA3BC2CFC0DF5002D06E8 /* Config.plist in Resources */ = {isa = PBXBuildFile; fileRef = F52CA3BA2CFC0DF5002D06E8 /* Config.plist */; };
		F52CA3BD2CFC0DF5002D06E8 /* Config.swift in Sources */ = {isa = PBXBuildFile; fileRef = F52CA3BB2CFC0DF5002D06E8 /* Config.swift */; };
		F52CA3BF2CFC0E5B002D06E8 /* GenreListView.swift in Sources */ = {isa = PBXBuildFile; fileRef = F52CA3BE2CFC0E5B002D06E8 /* GenreListView.swift */; };
		F52CA3C12CFC0EAB002D06E8 /* BookmarkManager.swift in Sources */ = {isa = PBXBuildFile; fileRef = F52CA3C02CFC0EAB002D06E8 /* BookmarkManager.swift */; };
		F5D185302CFF5FC1008EDB65 /* LaunchScreenView.swift in Sources */ = {isa = PBXBuildFile; fileRef = F5D1852F2CFF5FC1008EDB65 /* LaunchScreenView.swift */; };
		F5D185312CFF5FC1008EDB65 /* LaunchScreenCoordinator.swift in Sources */ = {isa = PBXBuildFile; fileRef = F5D1852E2CFF5FC1008EDB65 /* LaunchScreenCoordinator.swift */; };
/* End PBXBuildFile section */

/* Begin PBXContainerItemProxy section */
		F5D314072CFBF2D000FC7AA1 /* PBXContainerItemProxy */ = {
			isa = PBXContainerItemProxy;
			containerPortal = F5D313EE2CFBF2CF00FC7AA1 /* Project object */;
			proxyType = 1;
			remoteGlobalIDString = F5D313F52CFBF2CF00FC7AA1;
			remoteInfo = SaglamMovie;
		};
		F5D314112CFBF2D000FC7AA1 /* PBXContainerItemProxy */ = {
			isa = PBXContainerItemProxy;
			containerPortal = F5D313EE2CFBF2CF00FC7AA1 /* Project object */;
			proxyType = 1;
			remoteGlobalIDString = F5D313F52CFBF2CF00FC7AA1;
			remoteInfo = SaglamMovie;
		};
/* End PBXContainerItemProxy section */

/* Begin PBXFileReference section */
		F52CA37F2CFC0AE5002D06E8 /* Preview Assets.xcassets */ = {isa = PBXFileReference; lastKnownFileType = folder.assetcatalog; path = "Preview Assets.xcassets"; sourceTree = "<group>"; };
		F52CA3812CFC0AE5002D06E8 /* Assets.xcassets */ = {isa = PBXFileReference; lastKnownFileType = folder.assetcatalog; path = Assets.xcassets; sourceTree = "<group>"; };
		F52CA3842CFC0AE5002D06E8 /* SaglamMovieApp.swift */ = {isa = PBXFileReference; lastKnownFileType = sourcecode.swift; path = SaglamMovieApp.swift; sourceTree = "<group>"; };
		F52CA38D2CFC0C03002D06E8 /* ContentView.swift */ = {isa = PBXFileReference; lastKnownFileType = sourcecode.swift; path = ContentView.swift; sourceTree = "<group>"; };
		F52CA38E2CFC0C03002D06E8 /* MovieRecommenderApp.swift */ = {isa = PBXFileReference; lastKnownFileType = sourcecode.swift; path = MovieRecommenderApp.swift; sourceTree = "<group>"; };
		F52CA3932CFC0D4C002D06E8 /* Genre.swift */ = {isa = PBXFileReference; lastKnownFileType = sourcecode.swift; path = Genre.swift; sourceTree = "<group>"; };
		F52CA3942CFC0D4C002D06E8 /* Movie.swift */ = {isa = PBXFileReference; lastKnownFileType = sourcecode.swift; path = Movie.swift; sourceTree = "<group>"; };
		F52CA3952CFC0D4C002D06E8 /* UserData.swift */ = {isa = PBXFileReference; lastKnownFileType = sourcecode.swift; path = UserData.swift; sourceTree = "<group>"; };
		F52CA3962CFC0D4C002D06E8 /* WatchProvider.swift */ = {isa = PBXFileReference; lastKnownFileType = sourcecode.swift; path = WatchProvider.swift; sourceTree = "<group>"; };
		F52CA39C2CFC0D70002D06E8 /* BookmarksView.swift */ = {isa = PBXFileReference; lastKnownFileType = sourcecode.swift; path = BookmarksView.swift; sourceTree = "<group>"; };
		F52CA39D2CFC0D70002D06E8 /* CustomListDetailView.swift */ = {isa = PBXFileReference; lastKnownFileType = sourcecode.swift; path = CustomListDetailView.swift; sourceTree = "<group>"; };
		F52CA39E2CFC0D70002D06E8 /* CustomListsView.swift */ = {isa = PBXFileReference; lastKnownFileType = sourcecode.swift; path = CustomListsView.swift; sourceTree = "<group>"; };
		F52CA39F2CFC0D70002D06E8 /* MovieDetailView.swift */ = {isa = PBXFileReference; lastKnownFileType = sourcecode.swift; path = MovieDetailView.swift; sourceTree = "<group>"; };
		F52CA3A02CFC0D70002D06E8 /* MovieListView.swift */ = {isa = PBXFileReference; lastKnownFileType = sourcecode.swift; path = MovieListView.swift; sourceTree = "<group>"; };
		F52CA3A12CFC0D70002D06E8 /* RatingView.swift */ = {isa = PBXFileReference; lastKnownFileType = sourcecode.swift; path = RatingView.swift; sourceTree = "<group>"; };
		F52CA3A22CFC0D70002D06E8 /* ReviewSheet.swift */ = {isa = PBXFileReference; lastKnownFileType = sourcecode.swift; path = ReviewSheet.swift; sourceTree = "<group>"; };
		F52CA3A32CFC0D70002D06E8 /* WatchHistoryView.swift */ = {isa = PBXFileReference; lastKnownFileType = sourcecode.swift; path = WatchHistoryView.swift; sourceTree = "<group>"; };
		F52CA3A42CFC0D70002D06E8 /* WatchlistView.swift */ = {isa = PBXFileReference; lastKnownFileType = sourcecode.swift; path = WatchlistView.swift; sourceTree = "<group>"; };
		F52CA3AF2CFC0D9D002D06E8 /* GenreCardView.swift */ = {isa = PBXFileReference; lastKnownFileType = sourcecode.swift; path = GenreCardView.swift; sourceTree = "<group>"; };
		F52CA3B02CFC0D9D002D06E8 /* MovieRow.swift */ = {isa = PBXFileReference; lastKnownFileType = sourcecode.swift; path = MovieRow.swift; sourceTree = "<group>"; };
		F52CA3B42CFC0DB8002D06E8 /* NetworkManager.swift */ = {isa = PBXFileReference; lastKnownFileType = sourcecode.swift; path = NetworkManager.swift; sourceTree = "<group>"; };
		F52CA3B72CFC0DD1002D06E8 /* DateFormatter+Extension.swift */ = {isa = PBXFileReference; lastKnownFileType = sourcecode.swift; path = "DateFormatter+Extension.swift"; sourceTree = "<group>"; };
		F52CA3BA2CFC0DF5002D06E8 /* Config.plist */ = {isa = PBXFileReference; lastKnownFileType = text.plist.xml; path = Config.plist; sourceTree = "<group>"; };
		F52CA3BB2CFC0DF5002D06E8 /* Config.swift */ = {isa = PBXFileReference; lastKnownFileType = sourcecode.swift; path = Config.swift; sourceTree = "<group>"; };
		F52CA3BE2CFC0E5B002D06E8 /* GenreListView.swift */ = {isa = PBXFileReference; lastKnownFileType = sourcecode.swift; path = GenreListView.swift; sourceTree = "<group>"; };
		F52CA3C02CFC0EAB002D06E8 /* BookmarkManager.swift */ = {isa = PBXFileReference; lastKnownFileType = sourcecode.swift; path = BookmarkManager.swift; sourceTree = "<group>"; };
		F5D1852E2CFF5FC1008EDB65 /* LaunchScreenCoordinator.swift */ = {isa = PBXFileReference; lastKnownFileType = sourcecode.swift; path = LaunchScreenCoordinator.swift; sourceTree = "<group>"; };
		F5D1852F2CFF5FC1008EDB65 /* LaunchScreenView.swift */ = {isa = PBXFileReference; lastKnownFileType = sourcecode.swift; path = LaunchScreenView.swift; sourceTree = "<group>"; };
		F5D185322CFF6914008EDB65 /* Info.plist */ = {isa = PBXFileReference; lastKnownFileType = text.plist; path = Info.plist; sourceTree = "<group>"; };
		F5D313F62CFBF2CF00FC7AA1 /* SaglamMovie.app */ = {isa = PBXFileReference; explicitFileType = wrapper.application; includeInIndex = 0; path = SaglamMovie.app; sourceTree = BUILT_PRODUCTS_DIR; };
		F5D314062CFBF2D000FC7AA1 /* SaglamMovieTests.xctest */ = {isa = PBXFileReference; explicitFileType = wrapper.cfbundle; includeInIndex = 0; path = SaglamMovieTests.xctest; sourceTree = BUILT_PRODUCTS_DIR; };
		F5D314102CFBF2D000FC7AA1 /* SaglamMovieUITests.xctest */ = {isa = PBXFileReference; explicitFileType = wrapper.cfbundle; includeInIndex = 0; path = SaglamMovieUITests.xctest; sourceTree = BUILT_PRODUCTS_DIR; };
/* End PBXFileReference section */

/* Begin PBXFileSystemSynchronizedRootGroup section */
		F5D314092CFBF2D000FC7AA1 /* SaglamMovieTests */ = {
			isa = PBXFileSystemSynchronizedRootGroup;
			path = SaglamMovieTests;
			sourceTree = "<group>";
		};
		F5D314132CFBF2D000FC7AA1 /* SaglamMovieUITests */ = {
			isa = PBXFileSystemSynchronizedRootGroup;
			path = SaglamMovieUITests;
			sourceTree = "<group>";
		};
/* End PBXFileSystemSynchronizedRootGroup section */

/* Begin PBXFrameworksBuildPhase section */
		F5D313F32CFBF2CF00FC7AA1 /* Frameworks */ = {
			isa = PBXFrameworksBuildPhase;
			buildActionMask = 2147483647;
			files = (
			);
			runOnlyForDeploymentPostprocessing = 0;
		};
		F5D314032CFBF2D000FC7AA1 /* Frameworks */ = {
			isa = PBXFrameworksBuildPhase;
			buildActionMask = 2147483647;
			files = (
			);
			runOnlyForDeploymentPostprocessing = 0;
		};
		F5D3140D2CFBF2D000FC7AA1 /* Frameworks */ = {
			isa = PBXFrameworksBuildPhase;
			buildActionMask = 2147483647;
			files = (
			);
			runOnlyForDeploymentPostprocessing = 0;
		};
/* End PBXFrameworksBuildPhase section */

/* Begin PBXGroup section */
		F52CA3802CFC0AE5002D06E8 /* Preview Content */ = {
			isa = PBXGroup;
			children = (
				F52CA37F2CFC0AE5002D06E8 /* Preview Assets.xcassets */,
			);
			path = "Preview Content";
			sourceTree = "<group>";
		};
		F52CA3852CFC0AE5002D06E8 /* SaglamMovie */ = {
			isa = PBXGroup;
			children = (
				F5D185322CFF6914008EDB65 /* Info.plist */,
				F52CA3B92CFC0DE3002D06E8 /* Configuration */,
				F52CA3B62CFC0DC6002D06E8 /* Utilities */,
				F52CA3AE2CFC0D92002D06E8 /* Components */,
				F52CA3922CFC0D27002D06E8 /* Models */,
				F52CA3802CFC0AE5002D06E8 /* Preview Content */,
				F52CA3812CFC0AE5002D06E8 /* Assets.xcassets */,
				F52CA38D2CFC0C03002D06E8 /* ContentView.swift */,
				F52CA38E2CFC0C03002D06E8 /* MovieRecommenderApp.swift */,
				F52CA3842CFC0AE5002D06E8 /* SaglamMovieApp.swift */,
				F52CA39B2CFC0D63002D06E8 /* Views */,
				F52CA3B32CFC0DB1002D06E8 /* Networking */,
			);
			path = SaglamMovie;
			sourceTree = "<group>";
		};
		F52CA3922CFC0D27002D06E8 /* Models */ = {
			isa = PBXGroup;
			children = (
				F52CA3932CFC0D4C002D06E8 /* Genre.swift */,
				F52CA3942CFC0D4C002D06E8 /* Movie.swift */,
				F52CA3952CFC0D4C002D06E8 /* UserData.swift */,
				F52CA3962CFC0D4C002D06E8 /* WatchProvider.swift */,
			);
			path = Models;
			sourceTree = "<group>";
		};
		F52CA39B2CFC0D63002D06E8 /* Views */ = {
			isa = PBXGroup;
			children = (
				F5D1852E2CFF5FC1008EDB65 /* LaunchScreenCoordinator.swift */,
				F5D1852F2CFF5FC1008EDB65 /* LaunchScreenView.swift */,
				F52CA39D2CFC0D70002D06E8 /* CustomListDetailView.swift */,
				F52CA39E2CFC0D70002D06E8 /* CustomListsView.swift */,
				F52CA39F2CFC0D70002D06E8 /* MovieDetailView.swift */,
				F52CA3A02CFC0D70002D06E8 /* MovieListView.swift */,
				F52CA3A12CFC0D70002D06E8 /* RatingView.swift */,
				F52CA3A22CFC0D70002D06E8 /* ReviewSheet.swift */,
				F52CA3A32CFC0D70002D06E8 /* WatchHistoryView.swift */,
				F52CA3A42CFC0D70002D06E8 /* WatchlistView.swift */,
				F52CA3BE2CFC0E5B002D06E8 /* GenreListView.swift */,
				F52CA39C2CFC0D70002D06E8 /* BookmarksView.swift */,
			);
			path = Views;
			sourceTree = "<group>";
		};
		F52CA3AE2CFC0D92002D06E8 /* Components */ = {
			isa = PBXGroup;
			children = (
				F52CA3AF2CFC0D9D002D06E8 /* GenreCardView.swift */,
				F52CA3B02CFC0D9D002D06E8 /* MovieRow.swift */,
			);
			path = Components;
			sourceTree = "<group>";
		};
		F52CA3B32CFC0DB1002D06E8 /* Networking */ = {
			isa = PBXGroup;
			children = (
				F52CA3B42CFC0DB8002D06E8 /* NetworkManager.swift */,
				F52CA3C02CFC0EAB002D06E8 /* BookmarkManager.swift */,
			);
			path = Networking;
			sourceTree = "<group>";
		};
		F52CA3B62CFC0DC6002D06E8 /* Utilities */ = {
			isa = PBXGroup;
			children = (
				F52CA3B72CFC0DD1002D06E8 /* DateFormatter+Extension.swift */,
			);
			path = Utilities;
			sourceTree = "<group>";
		};
		F52CA3B92CFC0DE3002D06E8 /* Configuration */ = {
			isa = PBXGroup;
			children = (
				F52CA3BA2CFC0DF5002D06E8 /* Config.plist */,
				F52CA3BB2CFC0DF5002D06E8 /* Config.swift */,
			);
			path = Configuration;
			sourceTree = "<group>";
		};
		F5D313ED2CFBF2CF00FC7AA1 = {
			isa = PBXGroup;
			children = (
				F52CA3852CFC0AE5002D06E8 /* SaglamMovie */,
				F5D314092CFBF2D000FC7AA1 /* SaglamMovieTests */,
				F5D314132CFBF2D000FC7AA1 /* SaglamMovieUITests */,
				F5D313F72CFBF2CF00FC7AA1 /* Products */,
			);
			sourceTree = "<group>";
		};
		F5D313F72CFBF2CF00FC7AA1 /* Products */ = {
			isa = PBXGroup;
			children = (
				F5D313F62CFBF2CF00FC7AA1 /* SaglamMovie.app */,
				F5D314062CFBF2D000FC7AA1 /* SaglamMovieTests.xctest */,
				F5D314102CFBF2D000FC7AA1 /* SaglamMovieUITests.xctest */,
			);
			name = Products;
			sourceTree = "<group>";
		};
/* End PBXGroup section */

/* Begin PBXNativeTarget section */
		F5D313F52CFBF2CF00FC7AA1 /* SaglamMovie */ = {
			isa = PBXNativeTarget;
			buildConfigurationList = F5D3141A2CFBF2D000FC7AA1 /* Build configuration list for PBXNativeTarget "SaglamMovie" */;
			buildPhases = (
				F5D313F22CFBF2CF00FC7AA1 /* Sources */,
				F5D313F32CFBF2CF00FC7AA1 /* Frameworks */,
				F5D313F42CFBF2CF00FC7AA1 /* Resources */,
			);
			buildRules = (
			);
			dependencies = (
			);
			name = SaglamMovie;
			packageProductDependencies = (
			);
			productName = SaglamMovie;
			productReference = F5D313F62CFBF2CF00FC7AA1 /* SaglamMovie.app */;
			productType = "com.apple.product-type.application";
		};
		F5D314052CFBF2D000FC7AA1 /* SaglamMovieTests */ = {
			isa = PBXNativeTarget;
			buildConfigurationList = F5D3141D2CFBF2D000FC7AA1 /* Build configuration list for PBXNativeTarget "SaglamMovieTests" */;
			buildPhases = (
				F5D314022CFBF2D000FC7AA1 /* Sources */,
				F5D314032CFBF2D000FC7AA1 /* Frameworks */,
				F5D314042CFBF2D000FC7AA1 /* Resources */,
			);
			buildRules = (
			);
			dependencies = (
				F5D314082CFBF2D000FC7AA1 /* PBXTargetDependency */,
			);
			fileSystemSynchronizedGroups = (
				F5D314092CFBF2D000FC7AA1 /* SaglamMovieTests */,
			);
			name = SaglamMovieTests;
			packageProductDependencies = (
			);
			productName = SaglamMovieTests;
			productReference = F5D314062CFBF2D000FC7AA1 /* SaglamMovieTests.xctest */;
			productType = "com.apple.product-type.bundle.unit-test";
		};
		F5D3140F2CFBF2D000FC7AA1 /* SaglamMovieUITests */ = {
			isa = PBXNativeTarget;
			buildConfigurationList = F5D314202CFBF2D000FC7AA1 /* Build configuration list for PBXNativeTarget "SaglamMovieUITests" */;
			buildPhases = (
				F5D3140C2CFBF2D000FC7AA1 /* Sources */,
				F5D3140D2CFBF2D000FC7AA1 /* Frameworks */,
				F5D3140E2CFBF2D000FC7AA1 /* Resources */,
			);
			buildRules = (
			);
			dependencies = (
				F5D314122CFBF2D000FC7AA1 /* PBXTargetDependency */,
			);
			fileSystemSynchronizedGroups = (
				F5D314132CFBF2D000FC7AA1 /* SaglamMovieUITests */,
			);
			name = SaglamMovieUITests;
			packageProductDependencies = (
			);
			productName = SaglamMovieUITests;
			productReference = F5D314102CFBF2D000FC7AA1 /* SaglamMovieUITests.xctest */;
			productType = "com.apple.product-type.bundle.ui-testing";
		};
/* End PBXNativeTarget section */

/* Begin PBXProject section */
		F5D313EE2CFBF2CF00FC7AA1 /* Project object */ = {
			isa = PBXProject;
			attributes = {
				BuildIndependentTargetsInParallel = 1;
				LastSwiftUpdateCheck = 1610;
				LastUpgradeCheck = 1610;
				TargetAttributes = {
					F5D313F52CFBF2CF00FC7AA1 = {
						CreatedOnToolsVersion = 16.1;
					};
					F5D314052CFBF2D000FC7AA1 = {
						CreatedOnToolsVersion = 16.1;
						TestTargetID = F5D313F52CFBF2CF00FC7AA1;
					};
					F5D3140F2CFBF2D000FC7AA1 = {
						CreatedOnToolsVersion = 16.1;
						TestTargetID = F5D313F52CFBF2CF00FC7AA1;
					};
				};
			};
			buildConfigurationList = F5D313F12CFBF2CF00FC7AA1 /* Build configuration list for PBXProject "SaglamMovie" */;
			developmentRegion = en;
			hasScannedForEncodings = 0;
			knownRegions = (
				en,
				Base,
			);
			mainGroup = F5D313ED2CFBF2CF00FC7AA1;
			minimizedProjectReferenceProxies = 1;
			preferredProjectObjectVersion = 77;
			productRefGroup = F5D313F72CFBF2CF00FC7AA1 /* Products */;
			projectDirPath = "";
			projectRoot = "";
			targets = (
				F5D313F52CFBF2CF00FC7AA1 /* SaglamMovie */,
				F5D314052CFBF2D000FC7AA1 /* SaglamMovieTests */,
				F5D3140F2CFBF2D000FC7AA1 /* SaglamMovieUITests */,
			);
		};
/* End PBXProject section */

/* Begin PBXResourcesBuildPhase section */
		F5D313F42CFBF2CF00FC7AA1 /* Resources */ = {
			isa = PBXResourcesBuildPhase;
			buildActionMask = 2147483647;
			files = (
				F52CA3BC2CFC0DF5002D06E8 /* Config.plist in Resources */,
				F52CA3872CFC0AE5002D06E8 /* Preview Assets.xcassets in Resources */,
				F52CA3882CFC0AE5002D06E8 /* Assets.xcassets in Resources */,
			);
			runOnlyForDeploymentPostprocessing = 0;
		};
		F5D314042CFBF2D000FC7AA1 /* Resources */ = {
			isa = PBXResourcesBuildPhase;
			buildActionMask = 2147483647;
			files = (
			);
			runOnlyForDeploymentPostprocessing = 0;
		};
		F5D3140E2CFBF2D000FC7AA1 /* Resources */ = {
			isa = PBXResourcesBuildPhase;
			buildActionMask = 2147483647;
			files = (
			);
			runOnlyForDeploymentPostprocessing = 0;
		};
/* End PBXResourcesBuildPhase section */

/* Begin PBXSourcesBuildPhase section */
		F5D313F22CFBF2CF00FC7AA1 /* Sources */ = {
			isa = PBXSourcesBuildPhase;
			buildActionMask = 2147483647;
			files = (
				F52CA3B52CFC0DB8002D06E8 /* NetworkManager.swift in Sources */,
				F52CA38B2CFC0AE5002D06E8 /* SaglamMovieApp.swift in Sources */,
				F52CA38F2CFC0C03002D06E8 /* ContentView.swift in Sources */,
				F52CA3902CFC0C03002D06E8 /* MovieRecommenderApp.swift in Sources */,
				F52CA3972CFC0D4C002D06E8 /* Movie.swift in Sources */,
				F52CA3B12CFC0D9D002D06E8 /* GenreCardView.swift in Sources */,
				F52CA3B22CFC0D9D002D06E8 /* MovieRow.swift in Sources */,
				F52CA3982CFC0D4C002D06E8 /* UserData.swift in Sources */,
				F52CA3992CFC0D4C002D06E8 /* WatchProvider.swift in Sources */,
				F52CA39A2CFC0D4C002D06E8 /* Genre.swift in Sources */,
				F52CA3BF2CFC0E5B002D06E8 /* GenreListView.swift in Sources */,
				F52CA3A52CFC0D70002D06E8 /* WatchHistoryView.swift in Sources */,
				F52CA3A62CFC0D70002D06E8 /* WatchlistView.swift in Sources */,
				F52CA3A72CFC0D70002D06E8 /* RatingView.swift in Sources */,
				F52CA3A82CFC0D70002D06E8 /* BookmarksView.swift in Sources */,
				F52CA3C12CFC0EAB002D06E8 /* BookmarkManager.swift in Sources */,
				F52CA3A92CFC0D70002D06E8 /* ReviewSheet.swift in Sources */,
				F52CA3AA2CFC0D70002D06E8 /* CustomListDetailView.swift in Sources */,
				F52CA3AB2CFC0D70002D06E8 /* MovieDetailView.swift in Sources */,
				F52CA3BD2CFC0DF5002D06E8 /* Config.swift in Sources */,
				F52CA3AC2CFC0D70002D06E8 /* MovieListView.swift in Sources */,
				F52CA3B82CFC0DD1002D06E8 /* DateFormatter+Extension.swift in Sources */,
				F5D185302CFF5FC1008EDB65 /* LaunchScreenView.swift in Sources */,
				F5D185312CFF5FC1008EDB65 /* LaunchScreenCoordinator.swift in Sources */,
				F52CA3AD2CFC0D70002D06E8 /* CustomListsView.swift in Sources */,
			);
			runOnlyForDeploymentPostprocessing = 0;
		};
		F5D314022CFBF2D000FC7AA1 /* Sources */ = {
			isa = PBXSourcesBuildPhase;
			buildActionMask = 2147483647;
			files = (
			);
			runOnlyForDeploymentPostprocessing = 0;
		};
		F5D3140C2CFBF2D000FC7AA1 /* Sources */ = {
			isa = PBXSourcesBuildPhase;
			buildActionMask = 2147483647;
			files = (
			);
			runOnlyForDeploymentPostprocessing = 0;
		};
/* End PBXSourcesBuildPhase section */

/* Begin PBXTargetDependency section */
		F5D314082CFBF2D000FC7AA1 /* PBXTargetDependency */ = {
			isa = PBXTargetDependency;
			target = F5D313F52CFBF2CF00FC7AA1 /* SaglamMovie */;
			targetProxy = F5D314072CFBF2D000FC7AA1 /* PBXContainerItemProxy */;
		};
		F5D314122CFBF2D000FC7AA1 /* PBXTargetDependency */ = {
			isa = PBXTargetDependency;
			target = F5D313F52CFBF2CF00FC7AA1 /* SaglamMovie */;
			targetProxy = F5D314112CFBF2D000FC7AA1 /* PBXContainerItemProxy */;
		};
/* End PBXTargetDependency section */

/* Begin XCBuildConfiguration section */
		F5D314182CFBF2D000FC7AA1 /* Debug */ = {
			isa = XCBuildConfiguration;
			buildSettings = {
				ALWAYS_SEARCH_USER_PATHS = NO;
				ASSETCATALOG_COMPILER_GENERATE_SWIFT_ASSET_SYMBOL_EXTENSIONS = YES;
				CLANG_ANALYZER_NONNULL = YES;
				CLANG_ANALYZER_NUMBER_OBJECT_CONVERSION = YES_AGGRESSIVE;
				CLANG_CXX_LANGUAGE_STANDARD = "gnu++20";
				CLANG_ENABLE_MODULES = YES;
				CLANG_ENABLE_OBJC_ARC = YES;
				CLANG_ENABLE_OBJC_WEAK = YES;
				CLANG_WARN_BLOCK_CAPTURE_AUTORELEASING = YES;
				CLANG_WARN_BOOL_CONVERSION = YES;
				CLANG_WARN_COMMA = YES;
				CLANG_WARN_CONSTANT_CONVERSION = YES;
				CLANG_WARN_DEPRECATED_OBJC_IMPLEMENTATIONS = YES;
				CLANG_WARN_DIRECT_OBJC_ISA_USAGE = YES_ERROR;
				CLANG_WARN_DOCUMENTATION_COMMENTS = YES;
				CLANG_WARN_EMPTY_BODY = YES;
				CLANG_WARN_ENUM_CONVERSION = YES;
				CLANG_WARN_INFINITE_RECURSION = YES;
				CLANG_WARN_INT_CONVERSION = YES;
				CLANG_WARN_NON_LITERAL_NULL_CONVERSION = YES;
				CLANG_WARN_OBJC_IMPLICIT_RETAIN_SELF = YES;
				CLANG_WARN_OBJC_LITERAL_CONVERSION = YES;
				CLANG_WARN_OBJC_ROOT_CLASS = YES_ERROR;
				CLANG_WARN_QUOTED_INCLUDE_IN_FRAMEWORK_HEADER = YES;
				CLANG_WARN_RANGE_LOOP_ANALYSIS = YES;
				CLANG_WARN_STRICT_PROTOTYPES = YES;
				CLANG_WARN_SUSPICIOUS_MOVE = YES;
				CLANG_WARN_UNGUARDED_AVAILABILITY = YES_AGGRESSIVE;
				CLANG_WARN_UNREACHABLE_CODE = YES;
				CLANG_WARN__DUPLICATE_METHOD_MATCH = YES;
				COPY_PHASE_STRIP = NO;
				DEBUG_INFORMATION_FORMAT = dwarf;
				ENABLE_STRICT_OBJC_MSGSEND = YES;
				ENABLE_TESTABILITY = YES;
				ENABLE_USER_SCRIPT_SANDBOXING = YES;
				GCC_C_LANGUAGE_STANDARD = gnu17;
				GCC_DYNAMIC_NO_PIC = NO;
				GCC_NO_COMMON_BLOCKS = YES;
				GCC_OPTIMIZATION_LEVEL = 0;
				GCC_PREPROCESSOR_DEFINITIONS = (
					"DEBUG=1",
					"$(inherited)",
				);
				GCC_WARN_64_TO_32_BIT_CONVERSION = YES;
				GCC_WARN_ABOUT_RETURN_TYPE = YES_ERROR;
				GCC_WARN_UNDECLARED_SELECTOR = YES;
				GCC_WARN_UNINITIALIZED_AUTOS = YES_AGGRESSIVE;
				GCC_WARN_UNUSED_FUNCTION = YES;
				GCC_WARN_UNUSED_VARIABLE = YES;
				IPHONEOS_DEPLOYMENT_TARGET = 18.1;
				LOCALIZATION_PREFERS_STRING_CATALOGS = YES;
				MTL_ENABLE_DEBUG_INFO = INCLUDE_SOURCE;
				MTL_FAST_MATH = YES;
				ONLY_ACTIVE_ARCH = YES;
				SDKROOT = iphoneos;
				SWIFT_ACTIVE_COMPILATION_CONDITIONS = "DEBUG $(inherited)";
				SWIFT_OPTIMIZATION_LEVEL = "-Onone";
			};
			name = Debug;
		};
		F5D314192CFBF2D000FC7AA1 /* Release */ = {
			isa = XCBuildConfiguration;
			buildSettings = {
				ALWAYS_SEARCH_USER_PATHS = NO;
				ASSETCATALOG_COMPILER_GENERATE_SWIFT_ASSET_SYMBOL_EXTENSIONS = YES;
				CLANG_ANALYZER_NONNULL = YES;
				CLANG_ANALYZER_NUMBER_OBJECT_CONVERSION = YES_AGGRESSIVE;
				CLANG_CXX_LANGUAGE_STANDARD = "gnu++20";
				CLANG_ENABLE_MODULES = YES;
				CLANG_ENABLE_OBJC_ARC = YES;
				CLANG_ENABLE_OBJC_WEAK = YES;
				CLANG_WARN_BLOCK_CAPTURE_AUTORELEASING = YES;
				CLANG_WARN_BOOL_CONVERSION = YES;
				CLANG_WARN_COMMA = YES;
				CLANG_WARN_CONSTANT_CONVERSION = YES;
				CLANG_WARN_DEPRECATED_OBJC_IMPLEMENTATIONS = YES;
				CLANG_WARN_DIRECT_OBJC_ISA_USAGE = YES_ERROR;
				CLANG_WARN_DOCUMENTATION_COMMENTS = YES;
				CLANG_WARN_EMPTY_BODY = YES;
				CLANG_WARN_ENUM_CONVERSION = YES;
				CLANG_WARN_INFINITE_RECURSION = YES;
				CLANG_WARN_INT_CONVERSION = YES;
				CLANG_WARN_NON_LITERAL_NULL_CONVERSION = YES;
				CLANG_WARN_OBJC_IMPLICIT_RETAIN_SELF = YES;
				CLANG_WARN_OBJC_LITERAL_CONVERSION = YES;
				CLANG_WARN_OBJC_ROOT_CLASS = YES_ERROR;
				CLANG_WARN_QUOTED_INCLUDE_IN_FRAMEWORK_HEADER = YES;
				CLANG_WARN_RANGE_LOOP_ANALYSIS = YES;
				CLANG_WARN_STRICT_PROTOTYPES = YES;
				CLANG_WARN_SUSPICIOUS_MOVE = YES;
				CLANG_WARN_UNGUARDED_AVAILABILITY = YES_AGGRESSIVE;
				CLANG_WARN_UNREACHABLE_CODE = YES;
				CLANG_WARN__DUPLICATE_METHOD_MATCH = YES;
				COPY_PHASE_STRIP = NO;
				DEBUG_INFORMATION_FORMAT = "dwarf-with-dsym";
				ENABLE_NS_ASSERTIONS = NO;
				ENABLE_STRICT_OBJC_MSGSEND = YES;
				ENABLE_USER_SCRIPT_SANDBOXING = YES;
				GCC_C_LANGUAGE_STANDARD = gnu17;
				GCC_NO_COMMON_BLOCKS = YES;
				GCC_WARN_64_TO_32_BIT_CONVERSION = YES;
				GCC_WARN_ABOUT_RETURN_TYPE = YES_ERROR;
				GCC_WARN_UNDECLARED_SELECTOR = YES;
				GCC_WARN_UNINITIALIZED_AUTOS = YES_AGGRESSIVE;
				GCC_WARN_UNUSED_FUNCTION = YES;
				GCC_WARN_UNUSED_VARIABLE = YES;
				IPHONEOS_DEPLOYMENT_TARGET = 18.1;
				LOCALIZATION_PREFERS_STRING_CATALOGS = YES;
				MTL_ENABLE_DEBUG_INFO = NO;
				MTL_FAST_MATH = YES;
				SDKROOT = iphoneos;
				SWIFT_COMPILATION_MODE = wholemodule;
				VALIDATE_PRODUCT = YES;
			};
			name = Release;
		};
		F5D3141B2CFBF2D000FC7AA1 /* Debug */ = {
			isa = XCBuildConfiguration;
			buildSettings = {
				ASSETCATALOG_COMPILER_APPICON_NAME = AppIcon;
				ASSETCATALOG_COMPILER_GLOBAL_ACCENT_COLOR_NAME = AccentColor;
				CODE_SIGN_STYLE = Automatic;
				CURRENT_PROJECT_VERSION = 1;
				DEVELOPMENT_ASSET_PATHS = "\"SaglamMovie/Preview Content\"";
				DEVELOPMENT_TEAM = 87VD4MD4HE;
				ENABLE_PREVIEWS = YES;
				GENERATE_INFOPLIST_FILE = YES;
				INFOPLIST_FILE = SaglamMovie/Info.plist;
				INFOPLIST_KEY_CFBundleDisplayName = "Where 2 Watch";
				INFOPLIST_KEY_UIApplicationSceneManifest_Generation = YES;
				INFOPLIST_KEY_UIApplicationSupportsIndirectInputEvents = YES;
				INFOPLIST_KEY_UILaunchScreen_Generation = YES;
				INFOPLIST_KEY_UISupportedInterfaceOrientations_iPad = "UIInterfaceOrientationPortrait UIInterfaceOrientationPortraitUpsideDown UIInterfaceOrientationLandscapeLeft UIInterfaceOrientationLandscapeRight";
				INFOPLIST_KEY_UISupportedInterfaceOrientations_iPhone = "UIInterfaceOrientationPortrait UIInterfaceOrientationLandscapeLeft UIInterfaceOrientationLandscapeRight";
				LD_RUNPATH_SEARCH_PATHS = (
					"$(inherited)",
					"@executable_path/Frameworks",
				);
				MARKETING_VERSION = 1.0;
				PRODUCT_BUNDLE_IDENTIFIER = ramazanusen.Where2Watch;
				PRODUCT_NAME = "$(TARGET_NAME)";
				SWIFT_EMIT_LOC_STRINGS = YES;
				SWIFT_VERSION = 5.0;
				TARGETED_DEVICE_FAMILY = "1,2";
			};
			name = Debug;
		};
		F5D3141C2CFBF2D000FC7AA1 /* Release */ = {
			isa = XCBuildConfiguration;
			buildSettings = {
				ASSETCATALOG_COMPILER_APPICON_NAME = AppIcon;
				ASSETCATALOG_COMPILER_GLOBAL_ACCENT_COLOR_NAME = AccentColor;
				CODE_SIGN_STYLE = Automatic;
				CURRENT_PROJECT_VERSION = 1;
				DEVELOPMENT_ASSET_PATHS = "\"SaglamMovie/Preview Content\"";
				DEVELOPMENT_TEAM = 87VD4MD4HE;
				ENABLE_PREVIEWS = YES;
				GENERATE_INFOPLIST_FILE = YES;
				INFOPLIST_FILE = SaglamMovie/Info.plist;
				INFOPLIST_KEY_CFBundleDisplayName = "Where 2 Watch";
				INFOPLIST_KEY_UIApplicationSceneManifest_Generation = YES;
				INFOPLIST_KEY_UIApplicationSupportsIndirectInputEvents = YES;
				INFOPLIST_KEY_UILaunchScreen_Generation = YES;
				INFOPLIST_KEY_UISupportedInterfaceOrientations_iPad = "UIInterfaceOrientationPortrait UIInterfaceOrientationPortraitUpsideDown UIInterfaceOrientationLandscapeLeft UIInterfaceOrientationLandscapeRight";
				INFOPLIST_KEY_UISupportedInterfaceOrientations_iPhone = "UIInterfaceOrientationPortrait UIInterfaceOrientationLandscapeLeft UIInterfaceOrientationLandscapeRight";
				LD_RUNPATH_SEARCH_PATHS = (
					"$(inherited)",
					"@executable_path/Frameworks",
				);
				MARKETING_VERSION = 1.0;
				PRODUCT_BUNDLE_IDENTIFIER = ramazanusen.Where2Watch;
				PRODUCT_NAME = "$(TARGET_NAME)";
				SWIFT_EMIT_LOC_STRINGS = YES;
				SWIFT_VERSION = 5.0;
				TARGETED_DEVICE_FAMILY = "1,2";
			};
			name = Release;
		};
		F5D3141E2CFBF2D000FC7AA1 /* Debug */ = {
			isa = XCBuildConfiguration;
			buildSettings = {
				BUNDLE_LOADER = "$(TEST_HOST)";
				CODE_SIGN_STYLE = Automatic;
				CURRENT_PROJECT_VERSION = 1;
				GENERATE_INFOPLIST_FILE = YES;
				IPHONEOS_DEPLOYMENT_TARGET = 18.1;
				MARKETING_VERSION = 1.0;
				PRODUCT_BUNDLE_IDENTIFIER = ramazanusen.SaglamMovieTests;
				PRODUCT_NAME = "$(TARGET_NAME)";
				SWIFT_EMIT_LOC_STRINGS = NO;
				SWIFT_VERSION = 5.0;
				TARGETED_DEVICE_FAMILY = "1,2";
				TEST_HOST = "$(BUILT_PRODUCTS_DIR)/SaglamMovie.app/$(BUNDLE_EXECUTABLE_FOLDER_PATH)/SaglamMovie";
			};
			name = Debug;
		};
		F5D3141F2CFBF2D000FC7AA1 /* Release */ = {
			isa = XCBuildConfiguration;
			buildSettings = {
				BUNDLE_LOADER = "$(TEST_HOST)";
				CODE_SIGN_STYLE = Automatic;
				CURRENT_PROJECT_VERSION = 1;
				GENERATE_INFOPLIST_FILE = YES;
				IPHONEOS_DEPLOYMENT_TARGET = 18.1;
				MARKETING_VERSION = 1.0;
				PRODUCT_BUNDLE_IDENTIFIER = ramazanusen.SaglamMovieTests;
				PRODUCT_NAME = "$(TARGET_NAME)";
				SWIFT_EMIT_LOC_STRINGS = NO;
				SWIFT_VERSION = 5.0;
				TARGETED_DEVICE_FAMILY = "1,2";
				TEST_HOST = "$(BUILT_PRODUCTS_DIR)/SaglamMovie.app/$(BUNDLE_EXECUTABLE_FOLDER_PATH)/SaglamMovie";
			};
			name = Release;
		};
		F5D314212CFBF2D000FC7AA1 /* Debug */ = {
			isa = XCBuildConfiguration;
			buildSettings = {
				CODE_SIGN_STYLE = Automatic;
				CURRENT_PROJECT_VERSION = 1;
				GENERATE_INFOPLIST_FILE = YES;
				MARKETING_VERSION = 1.0;
				PRODUCT_BUNDLE_IDENTIFIER = ramazanusen.SaglamMovieUITests;
				PRODUCT_NAME = "$(TARGET_NAME)";
				SWIFT_EMIT_LOC_STRINGS = NO;
				SWIFT_VERSION = 5.0;
				TARGETED_DEVICE_FAMILY = "1,2";
				TEST_TARGET_NAME = SaglamMovie;
			};
			name = Debug;
		};
		F5D314222CFBF2D000FC7AA1 /* Release */ = {
			isa = XCBuildConfiguration;
			buildSettings = {
				CODE_SIGN_STYLE = Automatic;
				CURRENT_PROJECT_VERSION = 1;
				GENERATE_INFOPLIST_FILE = YES;
				MARKETING_VERSION = 1.0;
				PRODUCT_BUNDLE_IDENTIFIER = ramazanusen.SaglamMovieUITests;
				PRODUCT_NAME = "$(TARGET_NAME)";
				SWIFT_EMIT_LOC_STRINGS = NO;
				SWIFT_VERSION = 5.0;
				TARGETED_DEVICE_FAMILY = "1,2";
				TEST_TARGET_NAME = SaglamMovie;
			};
			name = Release;
		};
/* End XCBuildConfiguration section */

/* Begin XCConfigurationList section */
		F5D313F12CFBF2CF00FC7AA1 /* Build configuration list for PBXProject "SaglamMovie" */ = {
			isa = XCConfigurationList;
			buildConfigurations = (
				F5D314182CFBF2D000FC7AA1 /* Debug */,
				F5D314192CFBF2D000FC7AA1 /* Release */,
			);
			defaultConfigurationIsVisible = 0;
			defaultConfigurationName = Release;
		};
		F5D3141A2CFBF2D000FC7AA1 /* Build configuration list for PBXNativeTarget "SaglamMovie" */ = {
			isa = XCConfigurationList;
			buildConfigurations = (
				F5D3141B2CFBF2D000FC7AA1 /* Debug */,
				F5D3141C2CFBF2D000FC7AA1 /* Release */,
			);
			defaultConfigurationIsVisible = 0;
			defaultConfigurationName = Release;
		};
		F5D3141D2CFBF2D000FC7AA1 /* Build configuration list for PBXNativeTarget "SaglamMovieTests" */ = {
			isa = XCConfigurationList;
			buildConfigurations = (
				F5D3141E2CFBF2D000FC7AA1 /* Debug */,
				F5D3141F2CFBF2D000FC7AA1 /* Release */,
			);
			defaultConfigurationIsVisible = 0;
			defaultConfigurationName = Release;
		};
		F5D314202CFBF2D000FC7AA1 /* Build configuration list for PBXNativeTarget "SaglamMovieUITests" */ = {
			isa = XCConfigurationList;
			buildConfigurations = (
				F5D314212CFBF2D000FC7AA1 /* Debug */,
				F5D314222CFBF2D000FC7AA1 /* Release */,
			);
			defaultConfigurationIsVisible = 0;
			defaultConfigurationName = Release;
		};
/* End XCConfigurationList section */
	};
	rootObject = F5D313EE2CFBF2CF00FC7AA1 /* Project object */;
}
